
Microsoft Visual Studio Solution File, Format Version 12.00
# Visual Studio Version 16
VisualStudioVersion = 16.0.30413.136
MinimumVisualStudioVersion = 10.0.40219.1
Project("{FAE04EC0-301F-11D3-BF4B-00C04F79EFBC}") = "ESF_kz", "ESF_kz\ESF_kz.csproj", "{9F22AB51-A124-40F7-B4F4-754DD4ACAEAE}"
EndProject
Global
	GlobalSection(SolutionConfigurationPlatforms) = preSolution
		Debug|Any CPU = Debug|Any CPU
		Release|Any CPU = Release|Any CPU
	EndGlobalSection
	GlobalSection(ProjectConfigurationPlatforms) = postSolution
		{9F22AB51-A124-40F7-B4F4-754DD4ACAEAE}.Debug|Any CPU.ActiveCfg = Debug|Any CPU
		{9F22AB51-A124-40F7-B4F4-754DD4ACAEAE}.Debug|Any CPU.Build.0 = Debug|Any CPU
		{9F22AB51-A124-40F7-B4F4-754DD4ACAEAE}.Release|Any CPU.ActiveCfg = Release|Any CPU
		{9F22AB51-A124-40F7-B4F4-754DD4ACAEAE}.Release|Any CPU.Build.0 = Release|Any CPU
	EndGlobalSection
	GlobalSection(SolutionProperties) = preSolution
		HideSolutionNode = FALSE
	EndGlobalSection
	GlobalSection(ExtensibilityGlobals) = postSolution
		SolutionGuid = {9931F3A8-1720-4379-837E-CE2E4421C56E}
	EndGlobalSection
EndGlobal
